# THIS IS AN AUTOGENERATED FILE. DO NOT EDIT THIS FILE DIRECTLY.
# yarn lockfile v1


"@bitnami/hex-core@^3.2.0":
  version "3.2.0"
  resolved "https://registry.yarnpkg.com/@bitnami/hex-core/-/hex-core-3.2.0.tgz#2d2d8f508f25d524062713e0371e5b743bb31218"
  dependencies:
    mappy-breakpoints "^0.2.3"

"@bitnami/hex@^3.2.0":
  version "3.2.0"
  resolved "https://registry.yarnpkg.com/@bitnami/hex/-/hex-3.2.0.tgz#75b4a141e6053112c491187ac8d6a14d367accfe"
  dependencies:
    "@bitnami/hex-core" "^3.2.0"
    mappy-breakpoints "^0.2.3"

mappy-breakpoints@^0.2.3:
  version "0.2.3"
  resolved "https://registry.yarnpkg.com/mappy-breakpoints/-/mappy-breakpoints-0.2.3.tgz#e7966a15eea5a2ea6b4895d25b7eb822dd7df45b"
